{
  "name": "validate-form-simple",
  "version": "1.1.0",
  "lockfileVersion": 2,
  "requires": true,
  "packages": {
    "": {
      "name": "validate-form-simple",
      "version": "1.1.0",
      "license": "ISC",
      "dependencies": {
        "validate-form-simple": "^1.1.0",
        "validate-input-simple": "^1.0.0"
      }
    },
    "node_modules/validate-form-simple": {
      "version": "1.1.0",
      "resolved": "https://registry.npmjs.org/validate-form-simple/-/validate-form-simple-1.1.0.tgz",
      "integrity": "sha512-IkTuqbXeMc0wZhgmhdNetti3Eyb4cdMA9YVH9P4b5Rv8AkdS+OgeXv9LFUBu166r+7tqIxKYfi1A9Mb8bZ8+fg==",
      "dependencies": {
        "validate-input-simple": "^1.0.0"
      }
    },
    "node_modules/validate-input-simple": {
      "version": "1.0.0",
      "resolved": "https://registry.npmjs.org/validate-input-simple/-/validate-input-simple-1.0.0.tgz",
      "integrity": "sha512-CgjYrj2ehXMij7EQNxB6dCHer8LXPoccdodO9wgrR+5XC/SnIjArchlQOUlGb9W9iBdfWC/CjGr3xX5Zoslzww=="
    }
  },
  "dependencies": {
    "validate-form-simple": {
      "version": "1.1.0",
      "resolved": "https://registry.npmjs.org/validate-form-simple/-/validate-form-simple-1.1.0.tgz",
      "integrity": "sha512-IkTuqbXeMc0wZhgmhdNetti3Eyb4cdMA9YVH9P4b5Rv8AkdS+OgeXv9LFUBu166r+7tqIxKYfi1A9Mb8bZ8+fg==",
      "requires": {
        "validate-input-simple": "^1.0.0"
      }
    },
    "validate-input-simple": {
      "version": "1.0.0",
      "resolved": "https://registry.npmjs.org/validate-input-simple/-/validate-input-simple-1.0.0.tgz",
      "integrity": "sha512-CgjYrj2ehXMij7EQNxB6dCHer8LXPoccdodO9wgrR+5XC/SnIjArchlQOUlGb9W9iBdfWC/CjGr3xX5Zoslzww=="
    }
  }
}
